
Microsoft Visual Studio Solution File, Format Version 12.00
# Visual Studio Version 17
VisualStudioVersion = 17.11.35312.102
MinimumVisualStudioVersion = 10.0.40219.1
Project("{FAE04EC0-301F-11D3-BF4B-00C04F79EFBC}") = "UpFlux.Monitoring.Service", "UpFlux.Monitoring.Service\UpFlux.Monitoring.Service.csproj", "{F78EDDB1-C1EB-4AEC-9E08-A24C3F657709}"
EndProject
Project("{2150E333-8FDC-42A3-9474-1A3956D46DE8}") = "Solution Items", "Solution Items", "{E9CB11FD-33C9-416B-BDED-7218CFCA3F1C}"
	ProjectSection(SolutionItems) = preProject
		NuGet.config = NuGet.config
	EndProjectSection
EndProject
Global
	GlobalSection(SolutionConfigurationPlatforms) = preSolution
		Debug|Any CPU = Debug|Any CPU
		Release|Any CPU = Release|Any CPU
	EndGlobalSection
	GlobalSection(ProjectConfigurationPlatforms) = postSolution
		{F78EDDB1-C1EB-4AEC-9E08-A24C3F657709}.Debug|Any CPU.ActiveCfg = Debug|Any CPU
		{F78EDDB1-C1EB-4AEC-9E08-A24C3F657709}.Debug|Any CPU.Build.0 = Debug|Any CPU
		{F78EDDB1-C1EB-4AEC-9E08-A24C3F657709}.Release|Any CPU.ActiveCfg = Release|Any CPU
		{F78EDDB1-C1EB-4AEC-9E08-A24C3F657709}.Release|Any CPU.Build.0 = Release|Any CPU
	EndGlobalSection
	GlobalSection(SolutionProperties) = preSolution
		HideSolutionNode = FALSE
	EndGlobalSection
	GlobalSection(ExtensibilityGlobals) = postSolution
		SolutionGuid = {FE50ADF3-7D98-4C8F-8D90-413E8E4FAC0A}
	EndGlobalSection
EndGlobal
