
Microsoft Visual Studio Solution File, Format Version 12.00
# Visual Studio Version 17
VisualStudioVersion = 17.11.35312.102
MinimumVisualStudioVersion = 10.0.40219.1
Project("{FAE04EC0-301F-11D3-BF4B-00C04F79EFBC}") = "UpFlux.Cloud.Simulator", "UpFlux.Cloud.Simulator\UpFlux.Cloud.Simulator.csproj", "{6FB7B0D1-53C0-4429-99F9-89F04932C783}"
EndProject
Global
	GlobalSection(SolutionConfigurationPlatforms) = preSolution
		Debug|Any CPU = Debug|Any CPU
		Release|Any CPU = Release|Any CPU
	EndGlobalSection
	GlobalSection(ProjectConfigurationPlatforms) = postSolution
		{6FB7B0D1-53C0-4429-99F9-89F04932C783}.Debug|Any CPU.ActiveCfg = Debug|Any CPU
		{6FB7B0D1-53C0-4429-99F9-89F04932C783}.Debug|Any CPU.Build.0 = Debug|Any CPU
		{6FB7B0D1-53C0-4429-99F9-89F04932C783}.Release|Any CPU.ActiveCfg = Release|Any CPU
		{6FB7B0D1-53C0-4429-99F9-89F04932C783}.Release|Any CPU.Build.0 = Release|Any CPU
	EndGlobalSection
	GlobalSection(SolutionProperties) = preSolution
		HideSolutionNode = FALSE
	EndGlobalSection
	GlobalSection(ExtensibilityGlobals) = postSolution
		SolutionGuid = {1B1FE860-5FBB-40C9-9A50-2BB527342DB8}
	EndGlobalSection
EndGlobal
